
Microsoft Visual Studio Solution File, Format Version 12.00
# Visual Studio 15
VisualStudioVersion = 15.0.26206.0
MinimumVisualStudioVersion = 10.0.40219.1
Project("{FAE04EC0-301F-11D3-BF4B-00C04F79EFBC}") = "Quadcopter", "Quadcopter\Quadcopter.csproj", "{EA95EAB8-AE2F-44CF-99EA-A9E1ECFFD995}"
	ProjectSection(ProjectDependencies) = postProject
		{A0F1DFB4-F8F5-4FDF-B1CD-A869AC60C5AD} = {A0F1DFB4-F8F5-4FDF-B1CD-A869AC60C5AD}
	EndProjectSection
EndProject
Project("{FAE04EC0-301F-11D3-BF4B-00C04F79EFBC}") = "VehicleTelemetry", "VehicleTelemetry\VehicleTelemetry.csproj", "{A0F1DFB4-F8F5-4FDF-B1CD-A869AC60C5AD}"
EndProject
Project("{FAE04EC0-301F-11D3-BF4B-00C04F79EFBC}") = "NetworkTestTcp", "NetworkTestTcp\NetworkTestTcp.csproj", "{8B24BB53-5634-4F1D-B3CF-72C5A38A07A7}"
	ProjectSection(ProjectDependencies) = postProject
		{A0F1DFB4-F8F5-4FDF-B1CD-A869AC60C5AD} = {A0F1DFB4-F8F5-4FDF-B1CD-A869AC60C5AD}
	EndProjectSection
EndProject
Project("{FAE04EC0-301F-11D3-BF4B-00C04F79EFBC}") = "UPRA", "UPRA\UPRA.csproj", "{BCDCFD29-AFA3-4650-A33A-24AFBAF9549A}"
EndProject
Global
	GlobalSection(SolutionConfigurationPlatforms) = preSolution
		Debug|Any CPU = Debug|Any CPU
		Debug|x86 = Debug|x86
		Release|Any CPU = Release|Any CPU
		Release|x86 = Release|x86
	EndGlobalSection
	GlobalSection(ProjectConfigurationPlatforms) = postSolution
		{EA95EAB8-AE2F-44CF-99EA-A9E1ECFFD995}.Debug|Any CPU.ActiveCfg = Debug|Any CPU
		{EA95EAB8-AE2F-44CF-99EA-A9E1ECFFD995}.Debug|Any CPU.Build.0 = Debug|Any CPU
		{EA95EAB8-AE2F-44CF-99EA-A9E1ECFFD995}.Debug|x86.ActiveCfg = Debug|Any CPU
		{EA95EAB8-AE2F-44CF-99EA-A9E1ECFFD995}.Debug|x86.Build.0 = Debug|Any CPU
		{EA95EAB8-AE2F-44CF-99EA-A9E1ECFFD995}.Release|Any CPU.ActiveCfg = Release|Any CPU
		{EA95EAB8-AE2F-44CF-99EA-A9E1ECFFD995}.Release|Any CPU.Build.0 = Release|Any CPU
		{EA95EAB8-AE2F-44CF-99EA-A9E1ECFFD995}.Release|x86.ActiveCfg = Release|Any CPU
		{EA95EAB8-AE2F-44CF-99EA-A9E1ECFFD995}.Release|x86.Build.0 = Release|Any CPU
		{A0F1DFB4-F8F5-4FDF-B1CD-A869AC60C5AD}.Debug|Any CPU.ActiveCfg = Debug|Any CPU
		{A0F1DFB4-F8F5-4FDF-B1CD-A869AC60C5AD}.Debug|Any CPU.Build.0 = Debug|Any CPU
		{A0F1DFB4-F8F5-4FDF-B1CD-A869AC60C5AD}.Debug|x86.ActiveCfg = Debug|x86
		{A0F1DFB4-F8F5-4FDF-B1CD-A869AC60C5AD}.Debug|x86.Build.0 = Debug|x86
		{A0F1DFB4-F8F5-4FDF-B1CD-A869AC60C5AD}.Release|Any CPU.ActiveCfg = Release|Any CPU
		{A0F1DFB4-F8F5-4FDF-B1CD-A869AC60C5AD}.Release|Any CPU.Build.0 = Release|Any CPU
		{A0F1DFB4-F8F5-4FDF-B1CD-A869AC60C5AD}.Release|x86.ActiveCfg = Release|x86
		{A0F1DFB4-F8F5-4FDF-B1CD-A869AC60C5AD}.Release|x86.Build.0 = Release|x86
		{8B24BB53-5634-4F1D-B3CF-72C5A38A07A7}.Debug|Any CPU.ActiveCfg = Debug|Any CPU
		{8B24BB53-5634-4F1D-B3CF-72C5A38A07A7}.Debug|Any CPU.Build.0 = Debug|Any CPU
		{8B24BB53-5634-4F1D-B3CF-72C5A38A07A7}.Debug|x86.ActiveCfg = Debug|Any CPU
		{8B24BB53-5634-4F1D-B3CF-72C5A38A07A7}.Debug|x86.Build.0 = Debug|Any CPU
		{8B24BB53-5634-4F1D-B3CF-72C5A38A07A7}.Release|Any CPU.ActiveCfg = Release|Any CPU
		{8B24BB53-5634-4F1D-B3CF-72C5A38A07A7}.Release|Any CPU.Build.0 = Release|Any CPU
		{8B24BB53-5634-4F1D-B3CF-72C5A38A07A7}.Release|x86.ActiveCfg = Release|Any CPU
		{8B24BB53-5634-4F1D-B3CF-72C5A38A07A7}.Release|x86.Build.0 = Release|Any CPU
		{BCDCFD29-AFA3-4650-A33A-24AFBAF9549A}.Debug|Any CPU.ActiveCfg = Debug|Any CPU
		{BCDCFD29-AFA3-4650-A33A-24AFBAF9549A}.Debug|Any CPU.Build.0 = Debug|Any CPU
		{BCDCFD29-AFA3-4650-A33A-24AFBAF9549A}.Debug|x86.ActiveCfg = Debug|Any CPU
		{BCDCFD29-AFA3-4650-A33A-24AFBAF9549A}.Debug|x86.Build.0 = Debug|Any CPU
		{BCDCFD29-AFA3-4650-A33A-24AFBAF9549A}.Release|Any CPU.ActiveCfg = Release|Any CPU
		{BCDCFD29-AFA3-4650-A33A-24AFBAF9549A}.Release|Any CPU.Build.0 = Release|Any CPU
		{BCDCFD29-AFA3-4650-A33A-24AFBAF9549A}.Release|x86.ActiveCfg = Release|Any CPU
		{BCDCFD29-AFA3-4650-A33A-24AFBAF9549A}.Release|x86.Build.0 = Release|Any CPU
	EndGlobalSection
	GlobalSection(SolutionProperties) = preSolution
		HideSolutionNode = FALSE
	EndGlobalSection
EndGlobal
